{
  "originHash" : "d7d2f443dcdec6a47af1b503cb40d12cb064e90a42c760271907e4254d37f5ed",
  "pins" : [
    {
      "identity" : "progressiveblurheader",
      "kind" : "remoteSourceControl",
      "location" : "https://github.com/dominikmartn/ProgressiveBlurHeader",
      "state" : {
        "branch" : "main",
        "revision" : "0e8c29bc90d52e592fd63e034ca15b59095855f3"
      }
    },
    {
      "identity" : "supabase-swift",
      "kind" : "remoteSourceControl",
      "location" : "https://github.com/supabase/supabase-swift",
      "state" : {
        "revision" : "17261e93c60aa721e3c17312bfeb2ae6de3d6f8a",
        "version" : "2.43.1"
      }
    },
    {
      "identity" : "swift-asn1",
      "kind" : "remoteSourceControl",
      "location" : "https://github.com/apple/swift-asn1.git",
      "state" : {
        "revision" : "eb50cbd14606a9161cbc5d452f18797c90ef0bab",
        "version" : "1.7.0"
      }
    },
    {
      "identity" : "swift-clocks",
      "kind" : "remoteSourceControl",
      "location" : "https://github.com/pointfreeco/swift-clocks",
      "state" : {
        "revision" : "cc46202b53476d64e824e0b6612da09d84ffde8e",
        "version" : "1.0.6"
      }
    },
    {
      "identity" : "swift-concurrency-extras",
      "kind" : "remoteSourceControl",
      "location" : "https://github.com/pointfreeco/swift-concurrency-extras",
      "state" : {
        "revision" : "5a3825302b1a0d744183200915a47b508c828e6f",
        "version" : "1.3.2"
      }
    },
    {
      "identity" : "swift-crypto",
      "kind" : "remoteSourceControl",
      "location" : "https://github.com/apple/swift-crypto.git",
      "state" : {
        "revision" : "476538ccb827f2dd18efc5de754cc87d77127a47",
        "version" : "4.4.0"
      }
    },
    {
      "identity" : "swift-http-types",
      "kind" : "remoteSourceControl",
      "location" : "https://github.com/apple/swift-http-types.git",
      "state" : {
        "revision" : "45eb0224913ea070ec4fba17291b9e7ecf4749ca",
        "version" : "1.5.1"
      }
    },
    {
      "identity" : "variableblur",
      "kind" : "remoteSourceControl",
      "location" : "https://github.com/nikstar/VariableBlur",
      "state" : {
        "branch" : "main",
        "revision" : "5073a0d9080e488a2d317e04859c001a57fbb3e8"
      }
    },
    {
      "identity" : "xctest-dynamic-overlay",
      "kind" : "remoteSourceControl",
      "location" : "https://github.com/pointfreeco/xctest-dynamic-overlay",
      "state" : {
        "revision" : "dfd70507def84cb5fb821278448a262c6ff2bbad",
        "version" : "1.9.0"
      }
    }
  ],
  "version" : 3
}
